// !$*UTF8*$!
{
	archiveVersion = 1;
	classes = {
	};
	objectVersion = 50;
	objects = {

/* Begin PBXBuildFile section */
		D6191E80258A8ECF0096662B /* SportsScore WatchKit App.app in Embed Watch Content */ = {isa = PBXBuildFile; fileRef = D6191E7F258A8ECF0096662B /* SportsScore WatchKit App.app */; settings = {ATTRIBUTES = (RemoveHeadersOnCopy, ); }; };
		D6191E86258A8ED00096662B /* Interface.storyboard in Resources */ = {isa = PBXBuildFile; fileRef = D6191E84258A8ED00096662B /* Interface.storyboard */; };
		D6191E88258A8ED00096662B /* Assets.xcassets in Resources */ = {isa = PBXBuildFile; fileRef = D6191E87258A8ED00096662B /* Assets.xcassets */; };
		D6191E8F258A8ED00096662B /* SportsScore WatchKit Extension.appex in Embed App Extensions */ = {isa = PBXBuildFile; fileRef = D6191E8E258A8ED00096662B /* SportsScore WatchKit Extension.appex */; settings = {ATTRIBUTES = (RemoveHeadersOnCopy, ); }; };
		D6191E94258A8ED00096662B /* InterfaceController.swift in Sources */ = {isa = PBXBuildFile; fileRef = D6191E93258A8ED00096662B /* InterfaceController.swift */; };
		D6191E96258A8ED00096662B /* ExtensionDelegate.swift in Sources */ = {isa = PBXBuildFile; fileRef = D6191E95258A8ED00096662B /* ExtensionDelegate.swift */; };
		D6191E98258A8ED00096662B /* NotificationController.swift in Sources */ = {isa = PBXBuildFile; fileRef = D6191E97258A8ED00096662B /* NotificationController.swift */; };
		D6191E9A258A8ED00096662B /* ComplicationController.swift in Sources */ = {isa = PBXBuildFile; fileRef = D6191E99258A8ED00096662B /* ComplicationController.swift */; };
		D6191E9C258A8ED10096662B /* Assets.xcassets in Resources */ = {isa = PBXBuildFile; fileRef = D6191E9B258A8ED10096662B /* Assets.xcassets */; };
/* End PBXBuildFile section */

/* Begin PBXContainerItemProxy section */
		D6191E81258A8ECF0096662B /* PBXContainerItemProxy */ = {
			isa = PBXContainerItemProxy;
			containerPortal = D6191E75258A8ECF0096662B /* Project object */;
			proxyType = 1;
			remoteGlobalIDString = D6191E7E258A8ECF0096662B;
			remoteInfo = "SportsScore WatchKit App";
		};
		D6191E90258A8ED00096662B /* PBXContainerItemProxy */ = {
			isa = PBXContainerItemProxy;
			containerPortal = D6191E75258A8ECF0096662B /* Project object */;
			proxyType = 1;
			remoteGlobalIDString = D6191E8D258A8ED00096662B;
			remoteInfo = "SportsScore WatchKit Extension";
		};
/* End PBXContainerItemProxy section */

/* Begin PBXCopyFilesBuildPhase section */
		D6191EA4258A8ED10096662B /* Embed App Extensions */ = {
			isa = PBXCopyFilesBuildPhase;
			buildActionMask = 2147483647;
			dstPath = "";
			dstSubfolderSpec = 13;
			files = (
				D6191E8F258A8ED00096662B /* SportsScore WatchKit Extension.appex in Embed App Extensions */,
			);
			name = "Embed App Extensions";
			runOnlyForDeploymentPostprocessing = 0;
		};
		D6191EA8258A8ED10096662B /* Embed Watch Content */ = {
			isa = PBXCopyFilesBuildPhase;
			buildActionMask = 2147483647;
			dstPath = "$(CONTENTS_FOLDER_PATH)/Watch";
			dstSubfolderSpec = 16;
			files = (
				D6191E80258A8ECF0096662B /* SportsScore WatchKit App.app in Embed Watch Content */,
			);
			name = "Embed Watch Content";
			runOnlyForDeploymentPostprocessing = 0;
		};
/* End PBXCopyFilesBuildPhase section */

/* Begin PBXFileReference section */
		D6191E7B258A8ECF0096662B /* SportsScore.app */ = {isa = PBXFileReference; explicitFileType = wrapper.application; includeInIndex = 0; path = SportsScore.app; sourceTree = BUILT_PRODUCTS_DIR; };
		D6191E7F258A8ECF0096662B /* SportsScore WatchKit App.app */ = {isa = PBXFileReference; explicitFileType = wrapper.application; includeInIndex = 0; path = "SportsScore WatchKit App.app"; sourceTree = BUILT_PRODUCTS_DIR; };
		D6191E85258A8ED00096662B /* Base */ = {isa = PBXFileReference; lastKnownFileType = file.storyboard; name = Base; path = Base.lproj/Interface.storyboard; sourceTree = "<group>"; };
		D6191E87258A8ED00096662B /* Assets.xcassets */ = {isa = PBXFileReference; lastKnownFileType = folder.assetcatalog; path = Assets.xcassets; sourceTree = "<group>"; };
		D6191E89258A8ED00096662B /* Info.plist */ = {isa = PBXFileReference; lastKnownFileType = text.plist.xml; path = Info.plist; sourceTree = "<group>"; };
		D6191E8E258A8ED00096662B /* SportsScore WatchKit Extension.appex */ = {isa = PBXFileReference; explicitFileType = "wrapper.app-extension"; includeInIndex = 0; path = "SportsScore WatchKit Extension.appex"; sourceTree = BUILT_PRODUCTS_DIR; };
		D6191E93258A8ED00096662B /* InterfaceController.swift */ = {isa = PBXFileReference; lastKnownFileType = sourcecode.swift; path = InterfaceController.swift; sourceTree = "<group>"; };
		D6191E95258A8ED00096662B /* ExtensionDelegate.swift */ = {isa = PBXFileReference; lastKnownFileType = sourcecode.swift; path = ExtensionDelegate.swift; sourceTree = "<group>"; };
		D6191E97258A8ED00096662B /* NotificationController.swift */ = {isa = PBXFileReference; lastKnownFileType = sourcecode.swift; path = NotificationController.swift; sourceTree = "<group>"; };
		D6191E99258A8ED00096662B /* ComplicationController.swift */ = {isa = PBXFileReference; lastKnownFileType = sourcecode.swift; path = ComplicationController.swift; sourceTree = "<group>"; };
		D6191E9B258A8ED10096662B /* Assets.xcassets */ = {isa = PBXFileReference; lastKnownFileType = folder.assetcatalog; path = Assets.xcassets; sourceTree = "<group>"; };
		D6191E9D258A8ED10096662B /* Info.plist */ = {isa = PBXFileReference; lastKnownFileType = text.plist.xml; path = Info.plist; sourceTree = "<group>"; };
		D6191E9E258A8ED10096662B /* PushNotificationPayload.apns */ = {isa = PBXFileReference; lastKnownFileType = text; path = PushNotificationPayload.apns; sourceTree = "<group>"; };
/* End PBXFileReference section */

/* Begin PBXFrameworksBuildPhase section */
		D6191E8B258A8ED00096662B /* Frameworks */ = {
			isa = PBXFrameworksBuildPhase;
			buildActionMask = 2147483647;
			files = (
			);
			runOnlyForDeploymentPostprocessing = 0;
		};
/* End PBXFrameworksBuildPhase section */

/* Begin PBXGroup section */
		D6191E74258A8ECF0096662B = {
			isa = PBXGroup;
			children = (
				D6191E83258A8ECF0096662B /* SportsScore WatchKit App */,
				D6191E92258A8ED00096662B /* SportsScore WatchKit Extension */,
				D6191E7C258A8ECF0096662B /* Products */,
			);
			sourceTree = "<group>";
		};
		D6191E7C258A8ECF0096662B /* Products */ = {
			isa = PBXGroup;
			children = (
				D6191E7B258A8ECF0096662B /* SportsScore.app */,
				D6191E7F258A8ECF0096662B /* SportsScore WatchKit App.app */,
				D6191E8E258A8ED00096662B /* SportsScore WatchKit Extension.appex */,
			);
			name = Products;
			sourceTree = "<group>";
		};
		D6191E83258A8ECF0096662B /* SportsScore WatchKit App */ = {
			isa = PBXGroup;
			children = (
				D6191E84258A8ED00096662B /* Interface.storyboard */,
				D6191E87258A8ED00096662B /* Assets.xcassets */,
				D6191E89258A8ED00096662B /* Info.plist */,
			);
			path = "SportsScore WatchKit App";
			sourceTree = "<group>";
		};
		D6191E92258A8ED00096662B /* SportsScore WatchKit Extension */ = {
			isa = PBXGroup;
			children = (
				D6191E93258A8ED00096662B /* InterfaceController.swift */,
				D6191E95258A8ED00096662B /* ExtensionDelegate.swift */,
				D6191E97258A8ED00096662B /* NotificationController.swift */,
				D6191E99258A8ED00096662B /* ComplicationController.swift */,
				D6191E9B258A8ED10096662B /* Assets.xcassets */,
				D6191E9D258A8ED10096662B /* Info.plist */,
				D6191E9E258A8ED10096662B /* PushNotificationPayload.apns */,
			);
			path = "SportsScore WatchKit Extension";
			sourceTree = "<group>";
		};
/* End PBXGroup section */

/* Begin PBXNativeTarget section */
		D6191E7A258A8ECF0096662B /* SportsScore */ = {
			isa = PBXNativeTarget;
			buildConfigurationList = D6191EA9258A8ED10096662B /* Build configuration list for PBXNativeTarget "SportsScore" */;
			buildPhases = (
				D6191E79258A8ECF0096662B /* Resources */,
				D6191EA8258A8ED10096662B /* Embed Watch Content */,
			);
			buildRules = (
			);
			dependencies = (
				D6191E82258A8ECF0096662B /* PBXTargetDependency */,
			);
			name = SportsScore;
			productName = SportsScore;
			productReference = D6191E7B258A8ECF0096662B /* SportsScore.app */;
			productType = "com.apple.product-type.application.watchapp2-container";
		};
		D6191E7E258A8ECF0096662B /* SportsScore WatchKit App */ = {
			isa = PBXNativeTarget;
			buildConfigurationList = D6191EA5258A8ED10096662B /* Build configuration list for PBXNativeTarget "SportsScore WatchKit App" */;
			buildPhases = (
				D6191E7D258A8ECF0096662B /* Resources */,
				D6191EA4258A8ED10096662B /* Embed App Extensions */,
			);
			buildRules = (
			);
			dependencies = (
				D6191E91258A8ED00096662B /* PBXTargetDependency */,
			);
			name = "SportsScore WatchKit App";
			productName = "SportsScore WatchKit App";
			productReference = D6191E7F258A8ECF0096662B /* SportsScore WatchKit App.app */;
			productType = "com.apple.product-type.application.watchapp2";
		};
		D6191E8D258A8ED00096662B /* SportsScore WatchKit Extension */ = {
			isa = PBXNativeTarget;
			buildConfigurationList = D6191EA1258A8ED10096662B /* Build configuration list for PBXNativeTarget "SportsScore WatchKit Extension" */;
			buildPhases = (
				D6191E8A258A8ED00096662B /* Sources */,
				D6191E8B258A8ED00096662B /* Frameworks */,
				D6191E8C258A8ED00096662B /* Resources */,
			);
			buildRules = (
			);
			dependencies = (
			);
			name = "SportsScore WatchKit Extension";
			productName = "SportsScore WatchKit Extension";
			productReference = D6191E8E258A8ED00096662B /* SportsScore WatchKit Extension.appex */;
			productType = "com.apple.product-type.watchkit2-extension";
		};
/* End PBXNativeTarget section */

/* Begin PBXProject section */
		D6191E75258A8ECF0096662B /* Project object */ = {
			isa = PBXProject;
			attributes = {
				LastSwiftUpdateCheck = 1230;
				LastUpgradeCheck = 1230;
				TargetAttributes = {
					D6191E7A258A8ECF0096662B = {
						CreatedOnToolsVersion = 12.3;
					};
					D6191E7E258A8ECF0096662B = {
						CreatedOnToolsVersion = 12.3;
					};
					D6191E8D258A8ED00096662B = {
						CreatedOnToolsVersion = 12.3;
					};
				};
			};
			buildConfigurationList = D6191E78258A8ECF0096662B /* Build configuration list for PBXProject "SportsScore" */;
			compatibilityVersion = "Xcode 9.3";
			developmentRegion = en;
			hasScannedForEncodings = 0;
			knownRegions = (
				en,
				Base,
			);
			mainGroup = D6191E74258A8ECF0096662B;
			productRefGroup = D6191E7C258A8ECF0096662B /* Products */;
			projectDirPath = "";
			projectRoot = "";
			targets = (
				D6191E7A258A8ECF0096662B /* SportsScore */,
				D6191E7E258A8ECF0096662B /* SportsScore WatchKit App */,
				D6191E8D258A8ED00096662B /* SportsScore WatchKit Extension */,
			);
		};
/* End PBXProject section */

/* Begin PBXResourcesBuildPhase section */
		D6191E79258A8ECF0096662B /* Resources */ = {
			isa = PBXResourcesBuildPhase;
			buildActionMask = 2147483647;
			files = (
			);
			runOnlyForDeploymentPostprocessing = 0;
		};
		D6191E7D258A8ECF0096662B /* Resources */ = {
			isa = PBXResourcesBuildPhase;
			buildActionMask = 2147483647;
			files = (
				D6191E88258A8ED00096662B /* Assets.xcassets in Resources */,
				D6191E86258A8ED00096662B /* Interface.storyboard in Resources */,
			);
			runOnlyForDeploymentPostprocessing = 0;
		};
		D6191E8C258A8ED00096662B /* Resources */ = {
			isa = PBXResourcesBuildPhase;
			buildActionMask = 2147483647;
			files = (
				D6191E9C258A8ED10096662B /* Assets.xcassets in Resources */,
			);
			runOnlyForDeploymentPostprocessing = 0;
		};
/* End PBXResourcesBuildPhase section */

/* Begin PBXSourcesBuildPhase section */
		D6191E8A258A8ED00096662B /* Sources */ = {
			isa = PBXSourcesBuildPhase;
			buildActionMask = 2147483647;
			files = (
				D6191E98258A8ED00096662B /* NotificationController.swift in Sources */,
				D6191E9A258A8ED00096662B /* ComplicationController.swift in Sources */,
				D6191E96258A8ED00096662B /* ExtensionDelegate.swift in Sources */,
				D6191E94258A8ED00096662B /* InterfaceController.swift in Sources */,
			);
			runOnlyForDeploymentPostprocessing = 0;
		};
/* End PBXSourcesBuildPhase section */

/* Begin PBXTargetDependency section */
		D6191E82258A8ECF0096662B /* PBXTargetDependency */ = {
			isa = PBXTargetDependency;
			target = D6191E7E258A8ECF0096662B /* SportsScore WatchKit App */;
			targetProxy = D6191E81258A8ECF0096662B /* PBXContainerItemProxy */;
		};
		D6191E91258A8ED00096662B /* PBXTargetDependency */ = {
			isa = PBXTargetDependency;
			target = D6191E8D258A8ED00096662B /* SportsScore WatchKit Extension */;
			targetProxy = D6191E90258A8ED00096662B /* PBXContainerItemProxy */;
		};
/* End PBXTargetDependency section */

/* Begin PBXVariantGroup section */
		D6191E84258A8ED00096662B /* Interface.storyboard */ = {
			isa = PBXVariantGroup;
			children = (
				D6191E85258A8ED00096662B /* Base */,
			);
			name = Interface.storyboard;
			sourceTree = "<group>";
		};
/* End PBXVariantGroup section */

/* Begin XCBuildConfiguration section */
		D6191E9F258A8ED10096662B /* Debug */ = {
			isa = XCBuildConfiguration;
			buildSettings = {
				ALWAYS_SEARCH_USER_PATHS = NO;
				CLANG_ANALYZER_NONNULL = YES;
				CLANG_ANALYZER_NUMBER_OBJECT_CONVERSION = YES_AGGRESSIVE;
				CLANG_CXX_LANGUAGE_STANDARD = "gnu++14";
				CLANG_CXX_LIBRARY = "libc++";
				CLANG_ENABLE_MODULES = YES;
				CLANG_ENABLE_OBJC_ARC = YES;
				CLANG_ENABLE_OBJC_WEAK = YES;
				CLANG_WARN_BLOCK_CAPTURE_AUTORELEASING = YES;
				CLANG_WARN_BOOL_CONVERSION = YES;
				CLANG_WARN_COMMA = YES;
				CLANG_WARN_CONSTANT_CONVERSION = YES;
				CLANG_WARN_DEPRECATED_OBJC_IMPLEMENTATIONS = YES;
				CLANG_WARN_DIRECT_OBJC_ISA_USAGE = YES_ERROR;
				CLANG_WARN_DOCUMENTATION_COMMENTS = YES;
				CLANG_WARN_EMPTY_BODY = YES;
				CLANG_WARN_ENUM_CONVERSION = YES;
				CLANG_WARN_INFINITE_RECURSION = YES;
				CLANG_WARN_INT_CONVERSION = YES;
				CLANG_WARN_NON_LITERAL_NULL_CONVERSION = YES;
				CLANG_WARN_OBJC_IMPLICIT_RETAIN_SELF = YES;
				CLANG_WARN_OBJC_LITERAL_CONVERSION = YES;
				CLANG_WARN_OBJC_ROOT_CLASS = YES_ERROR;
				CLANG_WARN_QUOTED_INCLUDE_IN_FRAMEWORK_HEADER = YES;
				CLANG_WARN_RANGE_LOOP_ANALYSIS = YES;
				CLANG_WARN_STRICT_PROTOTYPES = YES;
				CLANG_WARN_SUSPICIOUS_MOVE = YES;
				CLANG_WARN_UNGUARDED_AVAILABILITY = YES_AGGRESSIVE;
				CLANG_WARN_UNREACHABLE_CODE = YES;
				CLANG_WARN__DUPLICATE_METHOD_MATCH = YES;
				COPY_PHASE_STRIP = NO;
				DEBUG_INFORMATION_FORMAT = dwarf;
				ENABLE_STRICT_OBJC_MSGSEND = YES;
				ENABLE_TESTABILITY = YES;
				GCC_C_LANGUAGE_STANDARD = gnu11;
				GCC_DYNAMIC_NO_PIC = NO;
				GCC_NO_COMMON_BLOCKS = YES;
				GCC_OPTIMIZATION_LEVEL = 0;
				GCC_PREPROCESSOR_DEFINITIONS = (
					"DEBUG=1",
					"$(inherited)",
				);
				GCC_WARN_64_TO_32_BIT_CONVERSION = YES;
				GCC_WARN_ABOUT_RETURN_TYPE = YES_ERROR;
				GCC_WARN_UNDECLARED_SELECTOR = YES;
				GCC_WARN_UNINITIALIZED_AUTOS = YES_AGGRESSIVE;
				GCC_WARN_UNUSED_FUNCTION = YES;
				GCC_WARN_UNUSED_VARIABLE = YES;
				MTL_ENABLE_DEBUG_INFO = INCLUDE_SOURCE;
				MTL_FAST_MATH = YES;
				ONLY_ACTIVE_ARCH = YES;
				SDKROOT = iphoneos;
				SWIFT_ACTIVE_COMPILATION_CONDITIONS = DEBUG;
				SWIFT_OPTIMIZATION_LEVEL = "-Onone";
			};
			name = Debug;
		};
		D6191EA0258A8ED10096662B /* Release */ = {
			isa = XCBuildConfiguration;
			buildSettings = {
				ALWAYS_SEARCH_USER_PATHS = NO;
				CLANG_ANALYZER_NONNULL = YES;
				CLANG_ANALYZER_NUMBER_OBJECT_CONVERSION = YES_AGGRESSIVE;
				CLANG_CXX_LANGUAGE_STANDARD = "gnu++14";
				CLANG_CXX_LIBRARY = "libc++";
				CLANG_ENABLE_MODULES = YES;
				CLANG_ENABLE_OBJC_ARC = YES;
				CLANG_ENABLE_OBJC_WEAK = YES;
				CLANG_WARN_BLOCK_CAPTURE_AUTORELEASING = YES;
				CLANG_WARN_BOOL_CONVERSION = YES;
				CLANG_WARN_COMMA = YES;
				CLANG_WARN_CONSTANT_CONVERSION = YES;
				CLANG_WARN_DEPRECATED_OBJC_IMPLEMENTATIONS = YES;
				CLANG_WARN_DIRECT_OBJC_ISA_USAGE = YES_ERROR;
				CLANG_WARN_DOCUMENTATION_COMMENTS = YES;
				CLANG_WARN_EMPTY_BODY = YES;
				CLANG_WARN_ENUM_CONVERSION = YES;
				CLANG_WARN_INFINITE_RECURSION = YES;
				CLANG_WARN_INT_CONVERSION = YES;
				CLANG_WARN_NON_LITERAL_NULL_CONVERSION = YES;
				CLANG_WARN_OBJC_IMPLICIT_RETAIN_SELF = YES;
				CLANG_WARN_OBJC_LITERAL_CONVERSION = YES;
				CLANG_WARN_OBJC_ROOT_CLASS = YES_ERROR;
				CLANG_WARN_QUOTED_INCLUDE_IN_FRAMEWORK_HEADER = YES;
				CLANG_WARN_RANGE_LOOP_ANALYSIS = YES;
				CLANG_WARN_STRICT_PROTOTYPES = YES;
				CLANG_WARN_SUSPICIOUS_MOVE = YES;
				CLANG_WARN_UNGUARDED_AVAILABILITY = YES_AGGRESSIVE;
				CLANG_WARN_UNREACHABLE_CODE = YES;
				CLANG_WARN__DUPLICATE_METHOD_MATCH = YES;
				COPY_PHASE_STRIP = NO;
				DEBUG_INFORMATION_FORMAT = "dwarf-with-dsym";
				ENABLE_NS_ASSERTIONS = NO;
				ENABLE_STRICT_OBJC_MSGSEND = YES;
				GCC_C_LANGUAGE_STANDARD = gnu11;
				GCC_NO_COMMON_BLOCKS = YES;
				GCC_WARN_64_TO_32_BIT_CONVERSION = YES;
				GCC_WARN_ABOUT_RETURN_TYPE = YES_ERROR;
				GCC_WARN_UNDECLARED_SELECTOR = YES;
				GCC_WARN_UNINITIALIZED_AUTOS = YES_AGGRESSIVE;
				GCC_WARN_UNUSED_FUNCTION = YES;
				GCC_WARN_UNUSED_VARIABLE = YES;
				MTL_ENABLE_DEBUG_INFO = NO;
				MTL_FAST_MATH = YES;
				SDKROOT = iphoneos;
				SWIFT_COMPILATION_MODE = wholemodule;
				SWIFT_OPTIMIZATION_LEVEL = "-O";
				VALIDATE_PRODUCT = YES;
			};
			name = Release;
		};
		D6191EA2258A8ED10096662B /* Debug */ = {
			isa = XCBuildConfiguration;
			buildSettings = {
				ASSETCATALOG_COMPILER_COMPLICATION_NAME = Complication;
				CODE_SIGN_STYLE = Automatic;
				DEVELOPMENT_TEAM = A78KV5NZ23;
				INFOPLIST_FILE = "SportsScore WatchKit Extension/Info.plist";
				LD_RUNPATH_SEARCH_PATHS = (
					"$(inherited)",
					"@executable_path/Frameworks",
					"@executable_path/../../Frameworks",
				);
				PRODUCT_BUNDLE_IDENTIFIER = com.albertogonzalezhernandez.SportsScore.watchkitapp.watchkitextension;
				PRODUCT_NAME = "${TARGET_NAME}";
				SDKROOT = watchos;
				SKIP_INSTALL = YES;
				SWIFT_VERSION = 5.0;
				TARGETED_DEVICE_FAMILY = 4;
				WATCHOS_DEPLOYMENT_TARGET = 7.2;
			};
			name = Debug;
		};
		D6191EA3258A8ED10096662B /* Release */ = {
			isa = XCBuildConfiguration;
			buildSettings = {
				ASSETCATALOG_COMPILER_COMPLICATION_NAME = Complication;
				CODE_SIGN_STYLE = Automatic;
				DEVELOPMENT_TEAM = A78KV5NZ23;
				INFOPLIST_FILE = "SportsScore WatchKit Extension/Info.plist";
				LD_RUNPATH_SEARCH_PATHS = (
					"$(inherited)",
					"@executable_path/Frameworks",
					"@executable_path/../../Frameworks",
				);
				PRODUCT_BUNDLE_IDENTIFIER = com.albertogonzalezhernandez.SportsScore.watchkitapp.watchkitextension;
				PRODUCT_NAME = "${TARGET_NAME}";
				SDKROOT = watchos;
				SKIP_INSTALL = YES;
				SWIFT_VERSION = 5.0;
				TARGETED_DEVICE_FAMILY = 4;
				WATCHOS_DEPLOYMENT_TARGET = 7.2;
			};
			name = Release;
		};
		D6191EA6258A8ED10096662B /* Debug */ = {
			isa = XCBuildConfiguration;
			buildSettings = {
				ALWAYS_EMBED_SWIFT_STANDARD_LIBRARIES = YES;
				ASSETCATALOG_COMPILER_APPICON_NAME = AppIcon;
				ASSETCATALOG_COMPILER_GLOBAL_ACCENT_COLOR_NAME = AccentColor;
				CODE_SIGN_STYLE = Automatic;
				DEVELOPMENT_TEAM = A78KV5NZ23;
				IBSC_MODULE = SportsScore_WatchKit_Extension;
				INFOPLIST_FILE = "SportsScore WatchKit App/Info.plist";
				PRODUCT_BUNDLE_IDENTIFIER = com.albertogonzalezhernandez.SportsScore.watchkitapp;
				PRODUCT_NAME = "$(TARGET_NAME)";
				SDKROOT = watchos;
				SKIP_INSTALL = YES;
				SWIFT_VERSION = 5.0;
				TARGETED_DEVICE_FAMILY = 4;
				WATCHOS_DEPLOYMENT_TARGET = 7.2;
			};
			name = Debug;
		};
		D6191EA7258A8ED10096662B /* Release */ = {
			isa = XCBuildConfiguration;
			buildSettings = {
				ALWAYS_EMBED_SWIFT_STANDARD_LIBRARIES = YES;
				ASSETCATALOG_COMPILER_APPICON_NAME = AppIcon;
				ASSETCATALOG_COMPILER_GLOBAL_ACCENT_COLOR_NAME = AccentColor;
				CODE_SIGN_STYLE = Automatic;
				DEVELOPMENT_TEAM = A78KV5NZ23;
				IBSC_MODULE = SportsScore_WatchKit_Extension;
				INFOPLIST_FILE = "SportsScore WatchKit App/Info.plist";
				PRODUCT_BUNDLE_IDENTIFIER = com.albertogonzalezhernandez.SportsScore.watchkitapp;
				PRODUCT_NAME = "$(TARGET_NAME)";
				SDKROOT = watchos;
				SKIP_INSTALL = YES;
				SWIFT_VERSION = 5.0;
				TARGETED_DEVICE_FAMILY = 4;
				WATCHOS_DEPLOYMENT_TARGET = 7.2;
			};
			name = Release;
		};
		D6191EAA258A8ED10096662B /* Debug */ = {
			isa = XCBuildConfiguration;
			buildSettings = {
				CODE_SIGN_STYLE = Automatic;
				CURRENT_PROJECT_VERSION = 1;
				DEVELOPMENT_TEAM = A78KV5NZ23;
				MARKETING_VERSION = 1.0;
				PRODUCT_BUNDLE_IDENTIFIER = com.albertogonzalezhernandez.SportsScore;
				PRODUCT_NAME = "$(TARGET_NAME)";
				SWIFT_VERSION = 5.0;
			};
			name = Debug;
		};
		D6191EAB258A8ED10096662B /* Release */ = {
			isa = XCBuildConfiguration;
			buildSettings = {
				CODE_SIGN_STYLE = Automatic;
				CURRENT_PROJECT_VERSION = 1;
				DEVELOPMENT_TEAM = A78KV5NZ23;
				MARKETING_VERSION = 1.0;
				PRODUCT_BUNDLE_IDENTIFIER = com.albertogonzalezhernandez.SportsScore;
				PRODUCT_NAME = "$(TARGET_NAME)";
				SWIFT_VERSION = 5.0;
			};
			name = Release;
		};
/* End XCBuildConfiguration section */

/* Begin XCConfigurationList section */
		D6191E78258A8ECF0096662B /* Build configuration list for PBXProject "SportsScore" */ = {
			isa = XCConfigurationList;
			buildConfigurations = (
				D6191E9F258A8ED10096662B /* Debug */,
				D6191EA0258A8ED10096662B /* Release */,
			);
			defaultConfigurationIsVisible = 0;
			defaultConfigurationName = Release;
		};
		D6191EA1258A8ED10096662B /* Build configuration list for PBXNativeTarget "SportsScore WatchKit Extension" */ = {
			isa = XCConfigurationList;
			buildConfigurations = (
				D6191EA2258A8ED10096662B /* Debug */,
				D6191EA3258A8ED10096662B /* Release */,
			);
			defaultConfigurationIsVisible = 0;
			defaultConfigurationName = Release;
		};
		D6191EA5258A8ED10096662B /* Build configuration list for PBXNativeTarget "SportsScore WatchKit App" */ = {
			isa = XCConfigurationList;
			buildConfigurations = (
				D6191EA6258A8ED10096662B /* Debug */,
				D6191EA7258A8ED10096662B /* Release */,
			);
			defaultConfigurationIsVisible = 0;
			defaultConfigurationName = Release;
		};
		D6191EA9258A8ED10096662B /* Build configuration list for PBXNativeTarget "SportsScore" */ = {
			isa = XCConfigurationList;
			buildConfigurations = (
				D6191EAA258A8ED10096662B /* Debug */,
				D6191EAB258A8ED10096662B /* Release */,
			);
			defaultConfigurationIsVisible = 0;
			defaultConfigurationName = Release;
		};
/* End XCConfigurationList section */
	};
	rootObject = D6191E75258A8ECF0096662B /* Project object */;
}
